
Microsoft Visual Studio Solution File, Format Version 12.00
# Visual Studio Version 16
VisualStudioVersion = 16.0.29306.81
MinimumVisualStudioVersion = 10.0.40219.1
Project("{FAE04EC0-301F-11D3-BF4B-00C04F79EFBC}") = "Flow.Launcher.Plugin.DevBox", "Flow.Launcher.Plugin.DevBox.csproj", "{C0B0B1B5-E780-4165-AB35-A98A4A58EF2B}"
EndProject
Global
	GlobalSection(SolutionConfigurationPlatforms) = preSolution
		Debug|Any CPU = Debug|Any CPU
		Release|Any CPU = Release|Any CPU
	EndGlobalSection
	GlobalSection(ProjectConfigurationPlatforms) = postSolution
		{C0B0B1B5-E780-4165-AB35-A98A4A58EF2B}.Debug|Any CPU.ActiveCfg = Debug|Any CPU
		{C0B0B1B5-E780-4165-AB35-A98A4A58EF2B}.Debug|Any CPU.Build.0 = Debug|Any CPU
		{C0B0B1B5-E780-4165-AB35-A98A4A58EF2B}.Release|Any CPU.ActiveCfg = Release|Any CPU
		{C0B0B1B5-E780-4165-AB35-A98A4A58EF2B}.Release|Any CPU.Build.0 = Release|Any CPU
	EndGlobalSection
	GlobalSection(SolutionProperties) = preSolution
		HideSolutionNode = FALSE
	EndGlobalSection
	GlobalSection(ExtensibilityGlobals) = postSolution
		SolutionGuid = {A13F7799-4D45-441A-928D-0AE81C6DA370}
	EndGlobalSection
EndGlobal
